// !$*UTF8*$!
{
	archiveVersion = 1;
	classes = {
	};
	objectVersion = 50;
	objects = {

/* Begin PBXBuildFile section */
		253EE6DFB9CAFB1428B80C2F /* Pods_flixsterTests.framework in Frameworks */ = {isa = PBXBuildFile; fileRef = 08B0D7641CFEB1B5618A4BD3 /* Pods_flixsterTests.framework */; };
		27CA37D71792B530760CA656 /* Pods_flixster.framework in Frameworks */ = {isa = PBXBuildFile; fileRef = AC63F1FDB70EAA3290B00EF4 /* Pods_flixster.framework */; };
		3B405F26220425A0000BC13F /* AppDelegate.swift in Sources */ = {isa = PBXBuildFile; fileRef = 3B405F25220425A0000BC13F /* AppDelegate.swift */; };
		3B405F2B220425A0000BC13F /* Main.storyboard in Resources */ = {isa = PBXBuildFile; fileRef = 3B405F29220425A0000BC13F /* Main.storyboard */; };
		3B405F2D220425A3000BC13F /* Assets.xcassets in Resources */ = {isa = PBXBuildFile; fileRef = 3B405F2C220425A3000BC13F /* Assets.xcassets */; };
		3B405F30220425A3000BC13F /* LaunchScreen.storyboard in Resources */ = {isa = PBXBuildFile; fileRef = 3B405F2E220425A3000BC13F /* LaunchScreen.storyboard */; };
		3B405F3B220425A3000BC13F /* flixsterTests.swift in Sources */ = {isa = PBXBuildFile; fileRef = 3B405F3A220425A3000BC13F /* flixsterTests.swift */; };
		3B405F46220425A3000BC13F /* flixsterUITests.swift in Sources */ = {isa = PBXBuildFile; fileRef = 3B405F45220425A3000BC13F /* flixsterUITests.swift */; };
		3B405F542204274B000BC13F /* MoviesViewController.swift in Sources */ = {isa = PBXBuildFile; fileRef = 3B405F532204274B000BC13F /* MoviesViewController.swift */; };
		9F2B65DFC54BF67F0129CB07 /* Pods_flixsterUITests.framework in Frameworks */ = {isa = PBXBuildFile; fileRef = C852D84C66EE543A4B08B24C /* Pods_flixsterUITests.framework */; };
		D3A72ADC220900570018C3FA /* MovieCell.swift in Sources */ = {isa = PBXBuildFile; fileRef = D3A72ADB220900570018C3FA /* MovieCell.swift */; };
/* End PBXBuildFile section */

/* Begin PBXContainerItemProxy section */
		3B405F37220425A3000BC13F /* PBXContainerItemProxy */ = {
			isa = PBXContainerItemProxy;
			containerPortal = 3B405F1A220425A0000BC13F /* Project object */;
			proxyType = 1;
			remoteGlobalIDString = 3B405F21220425A0000BC13F;
			remoteInfo = flixster;
		};
		3B405F42220425A3000BC13F /* PBXContainerItemProxy */ = {
			isa = PBXContainerItemProxy;
			containerPortal = 3B405F1A220425A0000BC13F /* Project object */;
			proxyType = 1;
			remoteGlobalIDString = 3B405F21220425A0000BC13F;
			remoteInfo = flixster;
		};
/* End PBXContainerItemProxy section */

/* Begin PBXFileReference section */
		08B0D7641CFEB1B5618A4BD3 /* Pods_flixsterTests.framework */ = {isa = PBXFileReference; explicitFileType = wrapper.framework; includeInIndex = 0; path = Pods_flixsterTests.framework; sourceTree = BUILT_PRODUCTS_DIR; };
		1A17A6521848EF5CC12BC8B1 /* Pods-flixsterUITests.debug.xcconfig */ = {isa = PBXFileReference; includeInIndex = 1; lastKnownFileType = text.xcconfig; name = "Pods-flixsterUITests.debug.xcconfig"; path = "Pods/Target Support Files/Pods-flixsterUITests/Pods-flixsterUITests.debug.xcconfig"; sourceTree = "<group>"; };
		3B405F22220425A0000BC13F /* flixster.app */ = {isa = PBXFileReference; explicitFileType = wrapper.application; includeInIndex = 0; path = flixster.app; sourceTree = BUILT_PRODUCTS_DIR; };
		3B405F25220425A0000BC13F /* AppDelegate.swift */ = {isa = PBXFileReference; lastKnownFileType = sourcecode.swift; path = AppDelegate.swift; sourceTree = "<group>"; };
		3B405F2A220425A0000BC13F /* Base */ = {isa = PBXFileReference; lastKnownFileType = file.storyboard; name = Base; path = Base.lproj/Main.storyboard; sourceTree = "<group>"; };
		3B405F2C220425A3000BC13F /* Assets.xcassets */ = {isa = PBXFileReference; lastKnownFileType = folder.assetcatalog; path = Assets.xcassets; sourceTree = "<group>"; };
		3B405F2F220425A3000BC13F /* Base */ = {isa = PBXFileReference; lastKnownFileType = file.storyboard; name = Base; path = Base.lproj/LaunchScreen.storyboard; sourceTree = "<group>"; };
		3B405F31220425A3000BC13F /* Info.plist */ = {isa = PBXFileReference; lastKnownFileType = text.plist.xml; path = Info.plist; sourceTree = "<group>"; };
		3B405F36220425A3000BC13F /* flixsterTests.xctest */ = {isa = PBXFileReference; explicitFileType = wrapper.cfbundle; includeInIndex = 0; path = flixsterTests.xctest; sourceTree = BUILT_PRODUCTS_DIR; };
		3B405F3A220425A3000BC13F /* flixsterTests.swift */ = {isa = PBXFileReference; lastKnownFileType = sourcecode.swift; path = flixsterTests.swift; sourceTree = "<group>"; };
		3B405F3C220425A3000BC13F /* Info.plist */ = {isa = PBXFileReference; lastKnownFileType = text.plist.xml; path = Info.plist; sourceTree = "<group>"; };
		3B405F41220425A3000BC13F /* flixsterUITests.xctest */ = {isa = PBXFileReference; explicitFileType = wrapper.cfbundle; includeInIndex = 0; path = flixsterUITests.xctest; sourceTree = BUILT_PRODUCTS_DIR; };
		3B405F45220425A3000BC13F /* flixsterUITests.swift */ = {isa = PBXFileReference; lastKnownFileType = sourcecode.swift; path = flixsterUITests.swift; sourceTree = "<group>"; };
		3B405F47220425A3000BC13F /* Info.plist */ = {isa = PBXFileReference; lastKnownFileType = text.plist.xml; path = Info.plist; sourceTree = "<group>"; };
		3B405F532204274B000BC13F /* MoviesViewController.swift */ = {isa = PBXFileReference; lastKnownFileType = sourcecode.swift; path = MoviesViewController.swift; sourceTree = "<group>"; };
		3BBB8C85B109A20CF9C9D9E0 /* Pods-flixster.debug.xcconfig */ = {isa = PBXFileReference; includeInIndex = 1; lastKnownFileType = text.xcconfig; name = "Pods-flixster.debug.xcconfig"; path = "Pods/Target Support Files/Pods-flixster/Pods-flixster.debug.xcconfig"; sourceTree = "<group>"; };
		4C227C1F287D71E559D4E0EE /* Pods-flixster.release.xcconfig */ = {isa = PBXFileReference; includeInIndex = 1; lastKnownFileType = text.xcconfig; name = "Pods-flixster.release.xcconfig"; path = "Pods/Target Support Files/Pods-flixster/Pods-flixster.release.xcconfig"; sourceTree = "<group>"; };
		52ACED5B78215708CF44B5B9 /* Pods-flixsterTests.release.xcconfig */ = {isa = PBXFileReference; includeInIndex = 1; lastKnownFileType = text.xcconfig; name = "Pods-flixsterTests.release.xcconfig"; path = "Pods/Target Support Files/Pods-flixsterTests/Pods-flixsterTests.release.xcconfig"; sourceTree = "<group>"; };
		8D01909B53FD82A4B0FD644C /* Pods-flixsterTests.debug.xcconfig */ = {isa = PBXFileReference; includeInIndex = 1; lastKnownFileType = text.xcconfig; name = "Pods-flixsterTests.debug.xcconfig"; path = "Pods/Target Support Files/Pods-flixsterTests/Pods-flixsterTests.debug.xcconfig"; sourceTree = "<group>"; };
		A78B1B910310C2E677D2694A /* Pods-flixsterUITests.release.xcconfig */ = {isa = PBXFileReference; includeInIndex = 1; lastKnownFileType = text.xcconfig; name = "Pods-flixsterUITests.release.xcconfig"; path = "Pods/Target Support Files/Pods-flixsterUITests/Pods-flixsterUITests.release.xcconfig"; sourceTree = "<group>"; };
		AC63F1FDB70EAA3290B00EF4 /* Pods_flixster.framework */ = {isa = PBXFileReference; explicitFileType = wrapper.framework; includeInIndex = 0; path = Pods_flixster.framework; sourceTree = BUILT_PRODUCTS_DIR; };
		C852D84C66EE543A4B08B24C /* Pods_flixsterUITests.framework */ = {isa = PBXFileReference; explicitFileType = wrapper.framework; includeInIndex = 0; path = Pods_flixsterUITests.framework; sourceTree = BUILT_PRODUCTS_DIR; };
		D3A72ADB220900570018C3FA /* MovieCell.swift */ = {isa = PBXFileReference; lastKnownFileType = sourcecode.swift; path = MovieCell.swift; sourceTree = "<group>"; };
/* End PBXFileReference section */

/* Begin PBXFrameworksBuildPhase section */
		3B405F1F220425A0000BC13F /* Frameworks */ = {
			isa = PBXFrameworksBuildPhase;
			buildActionMask = 2147483647;
			files = (
				27CA37D71792B530760CA656 /* Pods_flixster.framework in Frameworks */,
			);
			runOnlyForDeploymentPostprocessing = 0;
		};
		3B405F33220425A3000BC13F /* Frameworks */ = {
			isa = PBXFrameworksBuildPhase;
			buildActionMask = 2147483647;
			files = (
				253EE6DFB9CAFB1428B80C2F /* Pods_flixsterTests.framework in Frameworks */,
			);
			runOnlyForDeploymentPostprocessing = 0;
		};
		3B405F3E220425A3000BC13F /* Frameworks */ = {
			isa = PBXFrameworksBuildPhase;
			buildActionMask = 2147483647;
			files = (
				9F2B65DFC54BF67F0129CB07 /* Pods_flixsterUITests.framework in Frameworks */,
			);
			runOnlyForDeploymentPostprocessing = 0;
		};
/* End PBXFrameworksBuildPhase section */

/* Begin PBXGroup section */
		04138DD69136E23848FCDD12 /* Pods */ = {
			isa = PBXGroup;
			children = (
				3BBB8C85B109A20CF9C9D9E0 /* Pods-flixster.debug.xcconfig */,
				4C227C1F287D71E559D4E0EE /* Pods-flixster.release.xcconfig */,
				8D01909B53FD82A4B0FD644C /* Pods-flixsterTests.debug.xcconfig */,
				52ACED5B78215708CF44B5B9 /* Pods-flixsterTests.release.xcconfig */,
				1A17A6521848EF5CC12BC8B1 /* Pods-flixsterUITests.debug.xcconfig */,
				A78B1B910310C2E677D2694A /* Pods-flixsterUITests.release.xcconfig */,
			);
			name = Pods;
			sourceTree = "<group>";
		};
		3B405F19220425A0000BC13F = {
			isa = PBXGroup;
			children = (
				3B405F24220425A0000BC13F /* flixster */,
				3B405F39220425A3000BC13F /* flixsterTests */,
				3B405F44220425A3000BC13F /* flixsterUITests */,
				3B405F23220425A0000BC13F /* Products */,
				04138DD69136E23848FCDD12 /* Pods */,
				ACB21239920A2DE810D64A25 /* Frameworks */,
			);
			sourceTree = "<group>";
		};
		3B405F23220425A0000BC13F /* Products */ = {
			isa = PBXGroup;
			children = (
				3B405F22220425A0000BC13F /* flixster.app */,
				3B405F36220425A3000BC13F /* flixsterTests.xctest */,
				3B405F41220425A3000BC13F /* flixsterUITests.xctest */,
			);
			name = Products;
			sourceTree = "<group>";
		};
		3B405F24220425A0000BC13F /* flixster */ = {
			isa = PBXGroup;
			children = (
				3B405F25220425A0000BC13F /* AppDelegate.swift */,
				3B405F532204274B000BC13F /* MoviesViewController.swift */,
				3B405F29220425A0000BC13F /* Main.storyboard */,
				3B405F2E220425A3000BC13F /* LaunchScreen.storyboard */,
				3B405F2C220425A3000BC13F /* Assets.xcassets */,
				3B405F31220425A3000BC13F /* Info.plist */,
				D3A72ADB220900570018C3FA /* MovieCell.swift */,
			);
			path = flixster;
			sourceTree = "<group>";
		};
		3B405F39220425A3000BC13F /* flixsterTests */ = {
			isa = PBXGroup;
			children = (
				3B405F3A220425A3000BC13F /* flixsterTests.swift */,
				3B405F3C220425A3000BC13F /* Info.plist */,
			);
			path = flixsterTests;
			sourceTree = "<group>";
		};
		3B405F44220425A3000BC13F /* flixsterUITests */ = {
			isa = PBXGroup;
			children = (
				3B405F45220425A3000BC13F /* flixsterUITests.swift */,
				3B405F47220425A3000BC13F /* Info.plist */,
			);
			path = flixsterUITests;
			sourceTree = "<group>";
		};
		ACB21239920A2DE810D64A25 /* Frameworks */ = {
			isa = PBXGroup;
			children = (
				AC63F1FDB70EAA3290B00EF4 /* Pods_flixster.framework */,
				08B0D7641CFEB1B5618A4BD3 /* Pods_flixsterTests.framework */,
				C852D84C66EE543A4B08B24C /* Pods_flixsterUITests.framework */,
			);
			name = Frameworks;
			sourceTree = "<group>";
		};
/* End PBXGroup section */

/* Begin PBXNativeTarget section */
		3B405F21220425A0000BC13F /* flixster */ = {
			isa = PBXNativeTarget;
			buildConfigurationList = 3B405F4A220425A3000BC13F /* Build configuration list for PBXNativeTarget "flixster" */;
			buildPhases = (
				F243465407BF39598AEF91BC /* [CP] Check Pods Manifest.lock */,
				3B405F1E220425A0000BC13F /* Sources */,
				3B405F1F220425A0000BC13F /* Frameworks */,
				3B405F20220425A0000BC13F /* Resources */,
				5E23165F4D50D8E70346606F /* [CP] Embed Pods Frameworks */,
			);
			buildRules = (
			);
			dependencies = (
			);
			name = flixster;
			productName = flixster;
			productReference = 3B405F22220425A0000BC13F /* flixster.app */;
			productType = "com.apple.product-type.application";
		};
		3B405F35220425A3000BC13F /* flixsterTests */ = {
			isa = PBXNativeTarget;
			buildConfigurationList = 3B405F4D220425A3000BC13F /* Build configuration list for PBXNativeTarget "flixsterTests" */;
			buildPhases = (
				B53AE9E0E044459D37C1795F /* [CP] Check Pods Manifest.lock */,
				3B405F32220425A3000BC13F /* Sources */,
				3B405F33220425A3000BC13F /* Frameworks */,
				3B405F34220425A3000BC13F /* Resources */,
			);
			buildRules = (
			);
			dependencies = (
				3B405F38220425A3000BC13F /* PBXTargetDependency */,
			);
			name = flixsterTests;
			productName = flixsterTests;
			productReference = 3B405F36220425A3000BC13F /* flixsterTests.xctest */;
			productType = "com.apple.product-type.bundle.unit-test";
		};
		3B405F40220425A3000BC13F /* flixsterUITests */ = {
			isa = PBXNativeTarget;
			buildConfigurationList = 3B405F50220425A3000BC13F /* Build configuration list for PBXNativeTarget "flixsterUITests" */;
			buildPhases = (
				658B253C937D7CE74C67389B /* [CP] Check Pods Manifest.lock */,
				3B405F3D220425A3000BC13F /* Sources */,
				3B405F3E220425A3000BC13F /* Frameworks */,
				3B405F3F220425A3000BC13F /* Resources */,
			);
			buildRules = (
			);
			dependencies = (
				3B405F43220425A3000BC13F /* PBXTargetDependency */,
			);
			name = flixsterUITests;
			productName = flixsterUITests;
			productReference = 3B405F41220425A3000BC13F /* flixsterUITests.xctest */;
			productType = "com.apple.product-type.bundle.ui-testing";
		};
/* End PBXNativeTarget section */

/* Begin PBXProject section */
		3B405F1A220425A0000BC13F /* Project object */ = {
			isa = PBXProject;
			attributes = {
				LastSwiftUpdateCheck = 1010;
				LastUpgradeCheck = 1010;
				ORGANIZATIONNAME = danielmunoz;
				TargetAttributes = {
					3B405F21220425A0000BC13F = {
						CreatedOnToolsVersion = 10.1;
					};
					3B405F35220425A3000BC13F = {
						CreatedOnToolsVersion = 10.1;
						TestTargetID = 3B405F21220425A0000BC13F;
					};
					3B405F40220425A3000BC13F = {
						CreatedOnToolsVersion = 10.1;
						TestTargetID = 3B405F21220425A0000BC13F;
					};
				};
			};
			buildConfigurationList = 3B405F1D220425A0000BC13F /* Build configuration list for PBXProject "flixster" */;
			compatibilityVersion = "Xcode 9.3";
			developmentRegion = en;
			hasScannedForEncodings = 0;
			knownRegions = (
				en,
				Base,
			);
			mainGroup = 3B405F19220425A0000BC13F;
			productRefGroup = 3B405F23220425A0000BC13F /* Products */;
			projectDirPath = "";
			projectRoot = "";
			targets = (
				3B405F21220425A0000BC13F /* flixster */,
				3B405F35220425A3000BC13F /* flixsterTests */,
				3B405F40220425A3000BC13F /* flixsterUITests */,
			);
		};
/* End PBXProject section */

/* Begin PBXResourcesBuildPhase section */
		3B405F20220425A0000BC13F /* Resources */ = {
			isa = PBXResourcesBuildPhase;
			buildActionMask = 2147483647;
			files = (
				3B405F30220425A3000BC13F /* LaunchScreen.storyboard in Resources */,
				3B405F2D220425A3000BC13F /* Assets.xcassets in Resources */,
				3B405F2B220425A0000BC13F /* Main.storyboard in Resources */,
			);
			runOnlyForDeploymentPostprocessing = 0;
		};
		3B405F34220425A3000BC13F /* Resources */ = {
			isa = PBXResourcesBuildPhase;
			buildActionMask = 2147483647;
			files = (
			);
			runOnlyForDeploymentPostprocessing = 0;
		};
		3B405F3F220425A3000BC13F /* Resources */ = {
			isa = PBXResourcesBuildPhase;
			buildActionMask = 2147483647;
			files = (
			);
			runOnlyForDeploymentPostprocessing = 0;
		};
/* End PBXResourcesBuildPhase section */

/* Begin PBXShellScriptBuildPhase section */
		5E23165F4D50D8E70346606F /* [CP] Embed Pods Frameworks */ = {
			isa = PBXShellScriptBuildPhase;
			buildActionMask = 2147483647;
			files = (
			);
			inputFileListPaths = (
			);
			inputPaths = (
				"${SRCROOT}/Pods/Target Support Files/Pods-flixster/Pods-flixster-frameworks.sh",
				"${BUILT_PRODUCTS_DIR}/Alamofire/Alamofire.framework",
				"${BUILT_PRODUCTS_DIR}/OAuthSwift/OAuthSwift.framework",
				"${BUILT_PRODUCTS_DIR}/OAuthSwiftAlamofire/OAuthSwiftAlamofire.framework",
			);
			name = "[CP] Embed Pods Frameworks";
			outputFileListPaths = (
			);
			outputPaths = (
				"${TARGET_BUILD_DIR}/${FRAMEWORKS_FOLDER_PATH}/Alamofire.framework",
				"${TARGET_BUILD_DIR}/${FRAMEWORKS_FOLDER_PATH}/OAuthSwift.framework",
				"${TARGET_BUILD_DIR}/${FRAMEWORKS_FOLDER_PATH}/OAuthSwiftAlamofire.framework",
			);
			runOnlyForDeploymentPostprocessing = 0;
			shellPath = /bin/sh;
			shellScript = "\"${SRCROOT}/Pods/Target Support Files/Pods-flixster/Pods-flixster-frameworks.sh\"\n";
			showEnvVarsInLog = 0;
		};
		658B253C937D7CE74C67389B /* [CP] Check Pods Manifest.lock */ = {
			isa = PBXShellScriptBuildPhase;
			buildActionMask = 2147483647;
			files = (
			);
			inputFileListPaths = (
			);
			inputPaths = (
				"${PODS_PODFILE_DIR_PATH}/Podfile.lock",
				"${PODS_ROOT}/Manifest.lock",
			);
			name = "[CP] Check Pods Manifest.lock";
			outputFileListPaths = (
			);
			outputPaths = (
				"$(DERIVED_FILE_DIR)/Pods-flixsterUITests-checkManifestLockResult.txt",
			);
			runOnlyForDeploymentPostprocessing = 0;
			shellPath = /bin/sh;
			shellScript = "diff \"${PODS_PODFILE_DIR_PATH}/Podfile.lock\" \"${PODS_ROOT}/Manifest.lock\" > /dev/null\nif [ $? != 0 ] ; then\n    # print error to STDERR\n    echo \"error: The sandbox is not in sync with the Podfile.lock. Run 'pod install' or update your CocoaPods installation.\" >&2\n    exit 1\nfi\n# This output is used by Xcode 'outputs' to avoid re-running this script phase.\necho \"SUCCESS\" > \"${SCRIPT_OUTPUT_FILE_0}\"\n";
			showEnvVarsInLog = 0;
		};
		B53AE9E0E044459D37C1795F /* [CP] Check Pods Manifest.lock */ = {
			isa = PBXShellScriptBuildPhase;
			buildActionMask = 2147483647;
			files = (
			);
			inputFileListPaths = (
			);
			inputPaths = (
				"${PODS_PODFILE_DIR_PATH}/Podfile.lock",
				"${PODS_ROOT}/Manifest.lock",
			);
			name = "[CP] Check Pods Manifest.lock";
			outputFileListPaths = (
			);
			outputPaths = (
				"$(DERIVED_FILE_DIR)/Pods-flixsterTests-checkManifestLockResult.txt",
			);
			runOnlyForDeploymentPostprocessing = 0;
			shellPath = /bin/sh;
			shellScript = "diff \"${PODS_PODFILE_DIR_PATH}/Podfile.lock\" \"${PODS_ROOT}/Manifest.lock\" > /dev/null\nif [ $? != 0 ] ; then\n    # print error to STDERR\n    echo \"error: The sandbox is not in sync with the Podfile.lock. Run 'pod install' or update your CocoaPods installation.\" >&2\n    exit 1\nfi\n# This output is used by Xcode 'outputs' to avoid re-running this script phase.\necho \"SUCCESS\" > \"${SCRIPT_OUTPUT_FILE_0}\"\n";
			showEnvVarsInLog = 0;
		};
		F243465407BF39598AEF91BC /* [CP] Check Pods Manifest.lock */ = {
			isa = PBXShellScriptBuildPhase;
			buildActionMask = 2147483647;
			files = (
			);
			inputFileListPaths = (
			);
			inputPaths = (
				"${PODS_PODFILE_DIR_PATH}/Podfile.lock",
				"${PODS_ROOT}/Manifest.lock",
			);
			name = "[CP] Check Pods Manifest.lock";
			outputFileListPaths = (
			);
			outputPaths = (
				"$(DERIVED_FILE_DIR)/Pods-flixster-checkManifestLockResult.txt",
			);
			runOnlyForDeploymentPostprocessing = 0;
			shellPath = /bin/sh;
			shellScript = "diff \"${PODS_PODFILE_DIR_PATH}/Podfile.lock\" \"${PODS_ROOT}/Manifest.lock\" > /dev/null\nif [ $? != 0 ] ; then\n    # print error to STDERR\n    echo \"error: The sandbox is not in sync with the Podfile.lock. Run 'pod install' or update your CocoaPods installation.\" >&2\n    exit 1\nfi\n# This output is used by Xcode 'outputs' to avoid re-running this script phase.\necho \"SUCCESS\" > \"${SCRIPT_OUTPUT_FILE_0}\"\n";
			showEnvVarsInLog = 0;
		};
/* End PBXShellScriptBuildPhase section */

/* Begin PBXSourcesBuildPhase section */
		3B405F1E220425A0000BC13F /* Sources */ = {
			isa = PBXSourcesBuildPhase;
			buildActionMask = 2147483647;
			files = (
				3B405F26220425A0000BC13F /* AppDelegate.swift in Sources */,
				3B405F542204274B000BC13F /* MoviesViewController.swift in Sources */,
				D3A72ADC220900570018C3FA /* MovieCell.swift in Sources */,
			);
			runOnlyForDeploymentPostprocessing = 0;
		};
		3B405F32220425A3000BC13F /* Sources */ = {
			isa = PBXSourcesBuildPhase;
			buildActionMask = 2147483647;
			files = (
				3B405F3B220425A3000BC13F /* flixsterTests.swift in Sources */,
			);
			runOnlyForDeploymentPostprocessing = 0;
		};
		3B405F3D220425A3000BC13F /* Sources */ = {
			isa = PBXSourcesBuildPhase;
			buildActionMask = 2147483647;
			files = (
				3B405F46220425A3000BC13F /* flixsterUITests.swift in Sources */,
			);
			runOnlyForDeploymentPostprocessing = 0;
		};
/* End PBXSourcesBuildPhase section */

/* Begin PBXTargetDependency section */
		3B405F38220425A3000BC13F /* PBXTargetDependency */ = {
			isa = PBXTargetDependency;
			target = 3B405F21220425A0000BC13F /* flixster */;
			targetProxy = 3B405F37220425A3000BC13F /* PBXContainerItemProxy */;
		};
		3B405F43220425A3000BC13F /* PBXTargetDependency */ = {
			isa = PBXTargetDependency;
			target = 3B405F21220425A0000BC13F /* flixster */;
			targetProxy = 3B405F42220425A3000BC13F /* PBXContainerItemProxy */;
		};
/* End PBXTargetDependency section */

/* Begin PBXVariantGroup section */
		3B405F29220425A0000BC13F /* Main.storyboard */ = {
			isa = PBXVariantGroup;
			children = (
				3B405F2A220425A0000BC13F /* Base */,
			);
			name = Main.storyboard;
			sourceTree = "<group>";
		};
		3B405F2E220425A3000BC13F /* LaunchScreen.storyboard */ = {
			isa = PBXVariantGroup;
			children = (
				3B405F2F220425A3000BC13F /* Base */,
			);
			name = LaunchScreen.storyboard;
			sourceTree = "<group>";
		};
/* End PBXVariantGroup section */

/* Begin XCBuildConfiguration section */
		3B405F48220425A3000BC13F /* Debug */ = {
			isa = XCBuildConfiguration;
			buildSettings = {
				ALWAYS_SEARCH_USER_PATHS = NO;
				CLANG_ANALYZER_NONNULL = YES;
				CLANG_ANALYZER_NUMBER_OBJECT_CONVERSION = YES_AGGRESSIVE;
				CLANG_CXX_LANGUAGE_STANDARD = "gnu++14";
				CLANG_CXX_LIBRARY = "libc++";
				CLANG_ENABLE_MODULES = YES;
				CLANG_ENABLE_OBJC_ARC = YES;
				CLANG_ENABLE_OBJC_WEAK = YES;
				CLANG_WARN_BLOCK_CAPTURE_AUTORELEASING = YES;
				CLANG_WARN_BOOL_CONVERSION = YES;
				CLANG_WARN_COMMA = YES;
				CLANG_WARN_CONSTANT_CONVERSION = YES;
				CLANG_WARN_DEPRECATED_OBJC_IMPLEMENTATIONS = YES;
				CLANG_WARN_DIRECT_OBJC_ISA_USAGE = YES_ERROR;
				CLANG_WARN_DOCUMENTATION_COMMENTS = YES;
				CLANG_WARN_EMPTY_BODY = YES;
				CLANG_WARN_ENUM_CONVERSION = YES;
				CLANG_WARN_INFINITE_RECURSION = YES;
				CLANG_WARN_INT_CONVERSION = YES;
				CLANG_WARN_NON_LITERAL_NULL_CONVERSION = YES;
				CLANG_WARN_OBJC_IMPLICIT_RETAIN_SELF = YES;
				CLANG_WARN_OBJC_LITERAL_CONVERSION = YES;
				CLANG_WARN_OBJC_ROOT_CLASS = YES_ERROR;
				CLANG_WARN_RANGE_LOOP_ANALYSIS = YES;
				CLANG_WARN_STRICT_PROTOTYPES = YES;
				CLANG_WARN_SUSPICIOUS_MOVE = YES;
				CLANG_WARN_UNGUARDED_AVAILABILITY = YES_AGGRESSIVE;
				CLANG_WARN_UNREACHABLE_CODE = YES;
				CLANG_WARN__DUPLICATE_METHOD_MATCH = YES;
				CODE_SIGN_IDENTITY = "iPhone Developer";
				COPY_PHASE_STRIP = NO;
				DEBUG_INFORMATION_FORMAT = dwarf;
				ENABLE_STRICT_OBJC_MSGSEND = YES;
				ENABLE_TESTABILITY = YES;
				GCC_C_LANGUAGE_STANDARD = gnu11;
				GCC_DYNAMIC_NO_PIC = NO;
				GCC_NO_COMMON_BLOCKS = YES;
				GCC_OPTIMIZATION_LEVEL = 0;
				GCC_PREPROCESSOR_DEFINITIONS = (
					"DEBUG=1",
					"$(inherited)",
				);
				GCC_WARN_64_TO_32_BIT_CONVERSION = YES;
				GCC_WARN_ABOUT_RETURN_TYPE = YES_ERROR;
				GCC_WARN_UNDECLARED_SELECTOR = YES;
				GCC_WARN_UNINITIALIZED_AUTOS = YES_AGGRESSIVE;
				GCC_WARN_UNUSED_FUNCTION = YES;
				GCC_WARN_UNUSED_VARIABLE = YES;
				IPHONEOS_DEPLOYMENT_TARGET = 12.1;
				MTL_ENABLE_DEBUG_INFO = INCLUDE_SOURCE;
				MTL_FAST_MATH = YES;
				ONLY_ACTIVE_ARCH = YES;
				SDKROOT = iphoneos;
				SWIFT_ACTIVE_COMPILATION_CONDITIONS = DEBUG;
				SWIFT_OPTIMIZATION_LEVEL = "-Onone";
			};
			name = Debug;
		};
		3B405F49220425A3000BC13F /* Release */ = {
			isa = XCBuildConfiguration;
			buildSettings = {
				ALWAYS_SEARCH_USER_PATHS = NO;
				CLANG_ANALYZER_NONNULL = YES;
				CLANG_ANALYZER_NUMBER_OBJECT_CONVERSION = YES_AGGRESSIVE;
				CLANG_CXX_LANGUAGE_STANDARD = "gnu++14";
				CLANG_CXX_LIBRARY = "libc++";
				CLANG_ENABLE_MODULES = YES;
				CLANG_ENABLE_OBJC_ARC = YES;
				CLANG_ENABLE_OBJC_WEAK = YES;
				CLANG_WARN_BLOCK_CAPTURE_AUTORELEASING = YES;
				CLANG_WARN_BOOL_CONVERSION = YES;
				CLANG_WARN_COMMA = YES;
				CLANG_WARN_CONSTANT_CONVERSION = YES;
				CLANG_WARN_DEPRECATED_OBJC_IMPLEMENTATIONS = YES;
				CLANG_WARN_DIRECT_OBJC_ISA_USAGE = YES_ERROR;
				CLANG_WARN_DOCUMENTATION_COMMENTS = YES;
				CLANG_WARN_EMPTY_BODY = YES;
				CLANG_WARN_ENUM_CONVERSION = YES;
				CLANG_WARN_INFINITE_RECURSION = YES;
				CLANG_WARN_INT_CONVERSION = YES;
				CLANG_WARN_NON_LITERAL_NULL_CONVERSION = YES;
				CLANG_WARN_OBJC_IMPLICIT_RETAIN_SELF = YES;
				CLANG_WARN_OBJC_LITERAL_CONVERSION = YES;
				CLANG_WARN_OBJC_ROOT_CLASS = YES_ERROR;
				CLANG_WARN_RANGE_LOOP_ANALYSIS = YES;
				CLANG_WARN_STRICT_PROTOTYPES = YES;
				CLANG_WARN_SUSPICIOUS_MOVE = YES;
				CLANG_WARN_UNGUARDED_AVAILABILITY = YES_AGGRESSIVE;
				CLANG_WARN_UNREACHABLE_CODE = YES;
				CLANG_WARN__DUPLICATE_METHOD_MATCH = YES;
				CODE_SIGN_IDENTITY = "iPhone Developer";
				COPY_PHASE_STRIP = NO;
				DEBUG_INFORMATION_FORMAT = "dwarf-with-dsym";
				ENABLE_NS_ASSERTIONS = NO;
				ENABLE_STRICT_OBJC_MSGSEND = YES;
				GCC_C_LANGUAGE_STANDARD = gnu11;
				GCC_NO_COMMON_BLOCKS = YES;
				GCC_WARN_64_TO_32_BIT_CONVERSION = YES;
				GCC_WARN_ABOUT_RETURN_TYPE = YES_ERROR;
				GCC_WARN_UNDECLARED_SELECTOR = YES;
				GCC_WARN_UNINITIALIZED_AUTOS = YES_AGGRESSIVE;
				GCC_WARN_UNUSED_FUNCTION = YES;
				GCC_WARN_UNUSED_VARIABLE = YES;
				IPHONEOS_DEPLOYMENT_TARGET = 12.1;
				MTL_ENABLE_DEBUG_INFO = NO;
				MTL_FAST_MATH = YES;
				SDKROOT = iphoneos;
				SWIFT_COMPILATION_MODE = wholemodule;
				SWIFT_OPTIMIZATION_LEVEL = "-O";
				VALIDATE_PRODUCT = YES;
			};
			name = Release;
		};
		3B405F4B220425A3000BC13F /* Debug */ = {
			isa = XCBuildConfiguration;
			baseConfigurationReference = 3BBB8C85B109A20CF9C9D9E0 /* Pods-flixster.debug.xcconfig */;
			buildSettings = {
				ASSETCATALOG_COMPILER_APPICON_NAME = AppIcon;
				CODE_SIGN_STYLE = Automatic;
				DEVELOPMENT_TEAM = YVF9KH3X56;
				INFOPLIST_FILE = flixster/Info.plist;
				LD_RUNPATH_SEARCH_PATHS = (
					"$(inherited)",
					"@executable_path/Frameworks",
				);
				PRODUCT_BUNDLE_IDENTIFIER = danielmunoz.flixster;
				PRODUCT_NAME = "$(TARGET_NAME)";
				SWIFT_VERSION = 4.2;
				TARGETED_DEVICE_FAMILY = "1,2";
			};
			name = Debug;
		};
		3B405F4C220425A3000BC13F /* Release */ = {
			isa = XCBuildConfiguration;
			baseConfigurationReference = 4C227C1F287D71E559D4E0EE /* Pods-flixster.release.xcconfig */;
			buildSettings = {
				ASSETCATALOG_COMPILER_APPICON_NAME = AppIcon;
				CODE_SIGN_STYLE = Automatic;
				DEVELOPMENT_TEAM = YVF9KH3X56;
				INFOPLIST_FILE = flixster/Info.plist;
				LD_RUNPATH_SEARCH_PATHS = (
					"$(inherited)",
					"@executable_path/Frameworks",
				);
				PRODUCT_BUNDLE_IDENTIFIER = danielmunoz.flixster;
				PRODUCT_NAME = "$(TARGET_NAME)";
				SWIFT_VERSION = 4.2;
				TARGETED_DEVICE_FAMILY = "1,2";
			};
			name = Release;
		};
		3B405F4E220425A3000BC13F /* Debug */ = {
			isa = XCBuildConfiguration;
			baseConfigurationReference = 8D01909B53FD82A4B0FD644C /* Pods-flixsterTests.debug.xcconfig */;
			buildSettings = {
				ALWAYS_EMBED_SWIFT_STANDARD_LIBRARIES = YES;
				BUNDLE_LOADER = "$(TEST_HOST)";
				CODE_SIGN_STYLE = Automatic;
				DEVELOPMENT_TEAM = YVF9KH3X56;
				INFOPLIST_FILE = flixsterTests/Info.plist;
				LD_RUNPATH_SEARCH_PATHS = (
					"$(inherited)",
					"@executable_path/Frameworks",
					"@loader_path/Frameworks",
				);
				PRODUCT_BUNDLE_IDENTIFIER = danielmunoz.flixsterTests;
				PRODUCT_NAME = "$(TARGET_NAME)";
				SWIFT_VERSION = 4.2;
				TARGETED_DEVICE_FAMILY = "1,2";
				TEST_HOST = "$(BUILT_PRODUCTS_DIR)/flixster.app/flixster";
			};
			name = Debug;
		};
		3B405F4F220425A3000BC13F /* Release */ = {
			isa = XCBuildConfiguration;
			baseConfigurationReference = 52ACED5B78215708CF44B5B9 /* Pods-flixsterTests.release.xcconfig */;
			buildSettings = {
				ALWAYS_EMBED_SWIFT_STANDARD_LIBRARIES = YES;
				BUNDLE_LOADER = "$(TEST_HOST)";
				CODE_SIGN_STYLE = Automatic;
				DEVELOPMENT_TEAM = YVF9KH3X56;
				INFOPLIST_FILE = flixsterTests/Info.plist;
				LD_RUNPATH_SEARCH_PATHS = (
					"$(inherited)",
					"@executable_path/Frameworks",
					"@loader_path/Frameworks",
				);
				PRODUCT_BUNDLE_IDENTIFIER = danielmunoz.flixsterTests;
				PRODUCT_NAME = "$(TARGET_NAME)";
				SWIFT_VERSION = 4.2;
				TARGETED_DEVICE_FAMILY = "1,2";
				TEST_HOST = "$(BUILT_PRODUCTS_DIR)/flixster.app/flixster";
			};
			name = Release;
		};
		3B405F51220425A3000BC13F /* Debug */ = {
			isa = XCBuildConfiguration;
			baseConfigurationReference = 1A17A6521848EF5CC12BC8B1 /* Pods-flixsterUITests.debug.xcconfig */;
			buildSettings = {
				ALWAYS_EMBED_SWIFT_STANDARD_LIBRARIES = YES;
				CODE_SIGN_STYLE = Automatic;
				DEVELOPMENT_TEAM = YVF9KH3X56;
				INFOPLIST_FILE = flixsterUITests/Info.plist;
				LD_RUNPATH_SEARCH_PATHS = (
					"$(inherited)",
					"@executable_path/Frameworks",
					"@loader_path/Frameworks",
				);
				PRODUCT_BUNDLE_IDENTIFIER = danielmunoz.flixsterUITests;
				PRODUCT_NAME = "$(TARGET_NAME)";
				SWIFT_VERSION = 4.2;
				TARGETED_DEVICE_FAMILY = "1,2";
				TEST_TARGET_NAME = flixster;
			};
			name = Debug;
		};
		3B405F52220425A3000BC13F /* Release */ = {
			isa = XCBuildConfiguration;
			baseConfigurationReference = A78B1B910310C2E677D2694A /* Pods-flixsterUITests.release.xcconfig */;
			buildSettings = {
				ALWAYS_EMBED_SWIFT_STANDARD_LIBRARIES = YES;
				CODE_SIGN_STYLE = Automatic;
				DEVELOPMENT_TEAM = YVF9KH3X56;
				INFOPLIST_FILE = flixsterUITests/Info.plist;
				LD_RUNPATH_SEARCH_PATHS = (
					"$(inherited)",
					"@executable_path/Frameworks",
					"@loader_path/Frameworks",
				);
				PRODUCT_BUNDLE_IDENTIFIER = danielmunoz.flixsterUITests;
				PRODUCT_NAME = "$(TARGET_NAME)";
				SWIFT_VERSION = 4.2;
				TARGETED_DEVICE_FAMILY = "1,2";
				TEST_TARGET_NAME = flixster;
			};
			name = Release;
		};
/* End XCBuildConfiguration section */

/* Begin XCConfigurationList section */
		3B405F1D220425A0000BC13F /* Build configuration list for PBXProject "flixster" */ = {
			isa = XCConfigurationList;
			buildConfigurations = (
				3B405F48220425A3000BC13F /* Debug */,
				3B405F49220425A3000BC13F /* Release */,
			);
			defaultConfigurationIsVisible = 0;
			defaultConfigurationName = Release;
		};
		3B405F4A220425A3000BC13F /* Build configuration list for PBXNativeTarget "flixster" */ = {
			isa = XCConfigurationList;
			buildConfigurations = (
				3B405F4B220425A3000BC13F /* Debug */,
				3B405F4C220425A3000BC13F /* Release */,
			);
			defaultConfigurationIsVisible = 0;
			defaultConfigurationName = Release;
		};
		3B405F4D220425A3000BC13F /* Build configuration list for PBXNativeTarget "flixsterTests" */ = {
			isa = XCConfigurationList;
			buildConfigurations = (
				3B405F4E220425A3000BC13F /* Debug */,
				3B405F4F220425A3000BC13F /* Release */,
			);
			defaultConfigurationIsVisible = 0;
			defaultConfigurationName = Release;
		};
		3B405F50220425A3000BC13F /* Build configuration list for PBXNativeTarget "flixsterUITests" */ = {
			isa = XCConfigurationList;
			buildConfigurations = (
				3B405F51220425A3000BC13F /* Debug */,
				3B405F52220425A3000BC13F /* Release */,
			);
			defaultConfigurationIsVisible = 0;
			defaultConfigurationName = Release;
		};
/* End XCConfigurationList section */
	};
	rootObject = 3B405F1A220425A0000BC13F /* Project object */;
}
